
Microsoft Visual Studio Solution File, Format Version 12.00
# Visual Studio 2015
Project("{FAE04EC0-301F-11D3-BF4B-00C04F79EFBC}") = "Machine Import.CSharp.Plugins", "Machine Import.CSharp.Plugins.csproj", "{7384DB19-A902-9AD6-755B-6D9A9E3E12DD}"
EndProject
Project("{FAE04EC0-301F-11D3-BF4B-00C04F79EFBC}") = "Machine Import.CSharp", "Machine Import.CSharp.csproj", "{C586C04D-FB28-E5B7-B471-E24E05D674F5}"
EndProject
Project("{FAE04EC0-301F-11D3-BF4B-00C04F79EFBC}") = "Machine Import.CSharp.Editor", "Machine Import.CSharp.Editor.csproj", "{CFF799FE-1DAD-0719-81EB-DB3FA7632AD2}"
EndProject
Global
	GlobalSection(SolutionConfigurationPlatforms) = preSolution
		Debug|Any CPU = Debug|Any CPU
		Release|Any CPU = Release|Any CPU
	EndGlobalSection
	GlobalSection(ProjectConfigurationPlatforms) = postSolution
		{7384DB19-A902-9AD6-755B-6D9A9E3E12DD}.Debug|Any CPU.ActiveCfg = Debug|Any CPU
		{7384DB19-A902-9AD6-755B-6D9A9E3E12DD}.Debug|Any CPU.Build.0 = Debug|Any CPU
		{7384DB19-A902-9AD6-755B-6D9A9E3E12DD}.Release|Any CPU.ActiveCfg = Release|Any CPU
		{7384DB19-A902-9AD6-755B-6D9A9E3E12DD}.Release|Any CPU.Build.0 = Release|Any CPU
		{C586C04D-FB28-E5B7-B471-E24E05D674F5}.Debug|Any CPU.ActiveCfg = Debug|Any CPU
		{C586C04D-FB28-E5B7-B471-E24E05D674F5}.Debug|Any CPU.Build.0 = Debug|Any CPU
		{C586C04D-FB28-E5B7-B471-E24E05D674F5}.Release|Any CPU.ActiveCfg = Release|Any CPU
		{C586C04D-FB28-E5B7-B471-E24E05D674F5}.Release|Any CPU.Build.0 = Release|Any CPU
		{CFF799FE-1DAD-0719-81EB-DB3FA7632AD2}.Debug|Any CPU.ActiveCfg = Debug|Any CPU
		{CFF799FE-1DAD-0719-81EB-DB3FA7632AD2}.Debug|Any CPU.Build.0 = Debug|Any CPU
		{CFF799FE-1DAD-0719-81EB-DB3FA7632AD2}.Release|Any CPU.ActiveCfg = Release|Any CPU
		{CFF799FE-1DAD-0719-81EB-DB3FA7632AD2}.Release|Any CPU.Build.0 = Release|Any CPU
	EndGlobalSection
	GlobalSection(SolutionProperties) = preSolution
		HideSolutionNode = FALSE
	EndGlobalSection
EndGlobal
